
Microsoft Visual Studio Solution File, Format Version 12.00
# Visual Studio 15
VisualStudioVersion = 15.0.27703.2035
MinimumVisualStudioVersion = 10.0.40219.1
Project("{A0786B88-2ADB-4C21-ABE8-AA2D79766269}") = "MerchTube", "MerchTube.phpproj", "{29D47D66-5140-4991-8575-F2EBFB2BAC81}"
EndProject
Global
	GlobalSection(SolutionConfigurationPlatforms) = preSolution
		Debug|Any CPU = Debug|Any CPU
		Release|Any CPU = Release|Any CPU
	EndGlobalSection
	GlobalSection(ProjectConfigurationPlatforms) = postSolution
		{29D47D66-5140-4991-8575-F2EBFB2BAC81}.Debug|Any CPU.ActiveCfg = Debug|Any CPU
		{29D47D66-5140-4991-8575-F2EBFB2BAC81}.Release|Any CPU.ActiveCfg = Release|Any CPU
	EndGlobalSection
	GlobalSection(SolutionProperties) = preSolution
		HideSolutionNode = FALSE
	EndGlobalSection
	GlobalSection(ExtensibilityGlobals) = postSolution
		SolutionGuid = {EC2775F4-3AA7-4281-BC61-0F8FFC4B9A66}
	EndGlobalSection
EndGlobal
